<?xml version="1.0" encoding="utf-8"?>
<Project ToolsVersion="4.0" xmlns="http://schemas.microsoft.com/developer/msbuild/2003">
  <ItemGroup>
    <Filter Include="Source Files">
      <UniqueIdentifier>{4FC737F1-C7A5-4376-A066-2A32D752A2FF}</UniqueIdentifier>
      <Extensions>cpp;c;cc;cxx;def;odl;idl;hpj;bat;asm;asmx</Extensions>
    </Filter>
    <Filter Include="Header Files">
      <UniqueIdentifier>{93995380-89BD-4b04-88EB-625FBE52EBFB}</UniqueIdentifier>
      <Extensions>h;hh;hpp;hxx;hm;inl;inc;ipp;xsd</Extensions>
    </Filter>
    <Filter Include="Resource Files">
      <UniqueIdentifier>{67DA6AB6-F800-4c08-8B7A-83BB121AAD01}</UniqueIdentifier>
      <Extensions>rc;ico;cur;bmp;dlg;rc2;rct;bin;rgs;gif;jpg;jpeg;jpe;resx;tiff;tif;png;wav;mfcribbon-ms</Extensions>
    </Filter>
    <Filter Include="Source Files\Sorts">
      <UniqueIdentifier>{70dfd3e7-512a-4365-83f9-db155468af38}</UniqueIdentifier>
    </Filter>
    <Filter Include="Header Files\Sorts">
      <UniqueIdentifier>{c9a9f5be-2e12-4ebf-b424-321431b88f44}</UniqueIdentifier>
    </Filter>
    <Filter Include="Header Files\Menu">
      <UniqueIdentifier>{35da122c-e675-4d11-8cae-4e39f0ef6c0c}</UniqueIdentifier>
    </Filter>
    <Filter Include="Source Files\Menu">
      <UniqueIdentifier>{e8719dea-d83a-4a30-9f9f-05fef499c6a9}</UniqueIdentifier>
    </Filter>
    <Filter Include="Source Files\BinSearch">
      <UniqueIdentifier>{ac6f8cf7-bf87-4aa6-9cf3-989685f44f09}</UniqueIdentifier>
    </Filter>
    <Filter Include="Header Files\BinSearch">
      <UniqueIdentifier>{fb7e6c51-3cf1-4d5b-860b-8426a8743e68}</UniqueIdentifier>
    </Filter>
    <Filter Include="Header Files\ExtLibs">
      <UniqueIdentifier>{48b74cba-8aa8-4fcb-bd08-69c876be0f52}</UniqueIdentifier>
    </Filter>
  </ItemGroup>
  <ItemGroup>
    <ClCompile Include="main.cpp">
      <Filter>Source Files</Filter>
    </ClCompile>
    <ClCompile Include="BubbleSort.cpp">
      <Filter>Source Files\Sorts</Filter>
    </ClCompile>
    <ClCompile Include="SelectSort.cpp">
      <Filter>Source Files\Sorts</Filter>
    </ClCompile>
    <ClCompile Include="ShakerSort.cpp">
      <Filter>Source Files\Sorts</Filter>
    </ClCompile>
    <ClCompile Include="ArrOperations.cpp">
      <Filter>Source Files</Filter>
    </ClCompile>
    <ClCompile Include="InsertionSort.cpp">
      <Filter>Source Files\Sorts</Filter>
    </ClCompile>
    <ClCompile Include="ShellSort.cpp">
      <Filter>Source Files\Sorts</Filter>
    </ClCompile>
    <ClCompile Include="compare.cpp">
      <Filter>Source Files\Menu</Filter>
    </ClCompile>
    <ClCompile Include="menu.cpp">
      <Filter>Source Files\Menu</Filter>
    </ClCompile>
    <ClCompile Include="SortMenu.cpp">
      <Filter>Source Files\Menu</Filter>
    </ClCompile>
    <ClCompile Include="BSearch1.cpp">
      <Filter>Source Files\BinSearch</Filter>
    </ClCompile>
    <ClCompile Include="BSearch2.cpp">
      <Filter>Source Files\BinSearch</Filter>
    </ClCompile>
    <ClCompile Include="BSearch.cpp">
      <Filter>Source Files\BinSearch</Filter>
    </ClCompile>
  </ItemGroup>
  <ItemGroup>
    <ClInclude Include="ArrOperations.hpp">
      <Filter>Header Files</Filter>
    </ClInclude>
    <ClInclude Include="Constants.hpp">
      <Filter>Header Files</Filter>
    </ClInclude>
    <ClInclude Include="BubbleSort.hpp">
      <Filter>Header Files\Sorts</Filter>
    </ClInclude>
    <ClInclude Include="InsertionSort.hpp">
      <Filter>Header Files\Sorts</Filter>
    </ClInclude>
    <ClInclude Include="SelectSort.hpp">
      <Filter>Header Files\Sorts</Filter>
    </ClInclude>
    <ClInclude Include="ShakerSort.hpp">
      <Filter>Header Files\Sorts</Filter>
    </ClInclude>
    <ClInclude Include="ShellSort.hpp">
      <Filter>Header Files\Sorts</Filter>
    </ClInclude>
    <ClInclude Include="menu.hpp">
      <Filter>Header Files\Menu</Filter>
    </ClInclude>
    <ClInclude Include="compare.hpp">
      <Filter>Header Files\Menu</Filter>
    </ClInclude>
    <ClInclude Include="SortMenu.hpp">
      <Filter>Header Files\Menu</Filter>
    </ClInclude>
    <ClInclude Include="BSearch1.hpp">
      <Filter>Header Files\BinSearch</Filter>
    </ClInclude>
    <ClInclude Include="BSearch2.hpp">
      <Filter>Header Files\BinSearch</Filter>
    </ClInclude>
    <ClInclude Include="BSearch.hpp">
      <Filter>Header Files\BinSearch</Filter>
    </ClInclude>
    <ClInclude Include="FormSFML.h">
      <Filter>Header Files\ExtLibs</Filter>
    </ClInclude>
  </ItemGroup>
  <ItemGroup>
    <None Include="x64\Debug\openal32.dll">
      <Filter>Resource Files</Filter>
    </None>
    <None Include="x64\Debug\sfml-audio-2.dll">
      <Filter>Resource Files</Filter>
    </None>
    <None Include="x64\Debug\sfml-audio-d-2.dll">
      <Filter>Resource Files</Filter>
    </None>
    <None Include="x64\Debug\sfml-graphics-2.dll">
      <Filter>Resource Files</Filter>
    </None>
    <None Include="x64\Debug\sfml-graphics-d-2.dll">
      <Filter>Resource Files</Filter>
    </None>
    <None Include="x64\Debug\sfml-network-2.dll">
      <Filter>Resource Files</Filter>
    </None>
    <None Include="x64\Debug\sfml-network-d-2.dll">
      <Filter>Resource Files</Filter>
    </None>
    <None Include="x64\Debug\sfml-system-2.dll">
      <Filter>Resource Files</Filter>
    </None>
    <None Include="x64\Debug\sfml-system-d-2.dll">
      <Filter>Resource Files</Filter>
    </None>
    <None Include="x64\Debug\sfml-window-2.dll">
      <Filter>Resource Files</Filter>
    </None>
    <None Include="x64\Debug\sfml-window-d-2.dll">
      <Filter>Resource Files</Filter>
    </None>
  </ItemGroup>
</Project>